
Microsoft Visual Studio Solution File, Format Version 12.00
# Visual Studio Version 17
VisualStudioVersion = 17.14.37314.3 d17.14
MinimumVisualStudioVersion = 10.0.40219.1
Project("{FAE04EC0-301F-11D3-BF4B-00C04F79EFBC}") = "WindowsFormsApp1", "WindowsFormsApp1\WindowsFormsApp1.csproj", "{083226AD-5047-4BBE-922A-EA5769290865}"
EndProject
Global
	GlobalSection(SolutionConfigurationPlatforms) = preSolution
		Debug|Any CPU = Debug|Any CPU
		Release|Any CPU = Release|Any CPU
	EndGlobalSection
	GlobalSection(ProjectConfigurationPlatforms) = postSolution
		{083226AD-5047-4BBE-922A-EA5769290865}.Debug|Any CPU.ActiveCfg = Debug|Any CPU
		{083226AD-5047-4BBE-922A-EA5769290865}.Debug|Any CPU.Build.0 = Debug|Any CPU
		{083226AD-5047-4BBE-922A-EA5769290865}.Release|Any CPU.ActiveCfg = Release|Any CPU
		{083226AD-5047-4BBE-922A-EA5769290865}.Release|Any CPU.Build.0 = Release|Any CPU
	EndGlobalSection
	GlobalSection(SolutionProperties) = preSolution
		HideSolutionNode = FALSE
	EndGlobalSection
	GlobalSection(ExtensibilityGlobals) = postSolution
		SolutionGuid = {0F72CCE2-5CDD-4556-90FE-8A369BD50DF6}
	EndGlobalSection
EndGlobal
